
Microsoft Visual Studio Solution File, Format Version 12.00
# Visual Studio Version 17
VisualStudioVersion = 17.10.35027.167
MinimumVisualStudioVersion = 10.0.40219.1
Project("{FAE04EC0-301F-11D3-BF4B-00C04F79EFBC}") = "01_MainSubjects", "01_MainSubjects\01_MainSubjects.csproj", "{EAE568D6-EE2B-4813-8CC1-3DBCFB6A75F7}"
EndProject
Project("{FAE04EC0-301F-11D3-BF4B-00C04F79EFBC}") = "02_Variables", "02_Variables\02_Variables.csproj", "{37F9A23C-C896-4CB5-938F-941716406438}"
EndProject
Project("{FAE04EC0-301F-11D3-BF4B-00C04F79EFBC}") = "03_MakingDecision", "03_MakingDecision\03_MakingDecision.csproj", "{B9154E7A-CAAB-4750-B98A-AFB5F9037B06}"
EndProject
Project("{FAE04EC0-301F-11D3-BF4B-00C04F79EFBC}") = "04_Loops", "04_Loops\04_Loops.csproj", "{4C62E6EE-82DD-484C-845A-1380899AF062}"
EndProject
Project("{FAE04EC0-301F-11D3-BF4B-00C04F79EFBC}") = "05_LoopsWithStars", "05_LoopsWithStars\05_LoopsWithStars.csproj", "{798BB44E-B4F6-4B3A-BD78-4FB8DE0A7E1A}"
EndProject
Project("{FAE04EC0-301F-11D3-BF4B-00C04F79EFBC}") = "06_Arrays", "06_Arrays\06_Arrays.csproj", "{60F96319-03F0-43CA-9AA3-EEDE2522C7E6}"
EndProject
Project("{FAE04EC0-301F-11D3-BF4B-00C04F79EFBC}") = "07_Foreach", "07_Foreach\07_Foreach.csproj", "{9EBB30F3-3F49-4251-B038-97DEE849C8A5}"
EndProject
Project("{FAE04EC0-301F-11D3-BF4B-00C04F79EFBC}") = "08_Methods", "08_Methods\08_Methods.csproj", "{111D4635-1EA5-42DA-9D89-04A96E54B2FB}"
EndProject
Project("{FAE04EC0-301F-11D3-BF4B-00C04F79EFBC}") = "09_DatabaseProject", "09_DatabaseProject\09_DatabaseProject.csproj", "{CFA107F4-768C-448D-89AC-517128AA3571}"
EndProject
Global
	GlobalSection(SolutionConfigurationPlatforms) = preSolution
		Debug|Any CPU = Debug|Any CPU
		Release|Any CPU = Release|Any CPU
	EndGlobalSection
	GlobalSection(ProjectConfigurationPlatforms) = postSolution
		{EAE568D6-EE2B-4813-8CC1-3DBCFB6A75F7}.Debug|Any CPU.ActiveCfg = Debug|Any CPU
		{EAE568D6-EE2B-4813-8CC1-3DBCFB6A75F7}.Debug|Any CPU.Build.0 = Debug|Any CPU
		{EAE568D6-EE2B-4813-8CC1-3DBCFB6A75F7}.Release|Any CPU.ActiveCfg = Release|Any CPU
		{EAE568D6-EE2B-4813-8CC1-3DBCFB6A75F7}.Release|Any CPU.Build.0 = Release|Any CPU
		{37F9A23C-C896-4CB5-938F-941716406438}.Debug|Any CPU.ActiveCfg = Debug|Any CPU
		{37F9A23C-C896-4CB5-938F-941716406438}.Debug|Any CPU.Build.0 = Debug|Any CPU
		{37F9A23C-C896-4CB5-938F-941716406438}.Release|Any CPU.ActiveCfg = Release|Any CPU
		{37F9A23C-C896-4CB5-938F-941716406438}.Release|Any CPU.Build.0 = Release|Any CPU
		{B9154E7A-CAAB-4750-B98A-AFB5F9037B06}.Debug|Any CPU.ActiveCfg = Debug|Any CPU
		{B9154E7A-CAAB-4750-B98A-AFB5F9037B06}.Debug|Any CPU.Build.0 = Debug|Any CPU
		{B9154E7A-CAAB-4750-B98A-AFB5F9037B06}.Release|Any CPU.ActiveCfg = Release|Any CPU
		{B9154E7A-CAAB-4750-B98A-AFB5F9037B06}.Release|Any CPU.Build.0 = Release|Any CPU
		{4C62E6EE-82DD-484C-845A-1380899AF062}.Debug|Any CPU.ActiveCfg = Debug|Any CPU
		{4C62E6EE-82DD-484C-845A-1380899AF062}.Debug|Any CPU.Build.0 = Debug|Any CPU
		{4C62E6EE-82DD-484C-845A-1380899AF062}.Release|Any CPU.ActiveCfg = Release|Any CPU
		{4C62E6EE-82DD-484C-845A-1380899AF062}.Release|Any CPU.Build.0 = Release|Any CPU
		{798BB44E-B4F6-4B3A-BD78-4FB8DE0A7E1A}.Debug|Any CPU.ActiveCfg = Debug|Any CPU
		{798BB44E-B4F6-4B3A-BD78-4FB8DE0A7E1A}.Debug|Any CPU.Build.0 = Debug|Any CPU
		{798BB44E-B4F6-4B3A-BD78-4FB8DE0A7E1A}.Release|Any CPU.ActiveCfg = Release|Any CPU
		{798BB44E-B4F6-4B3A-BD78-4FB8DE0A7E1A}.Release|Any CPU.Build.0 = Release|Any CPU
		{60F96319-03F0-43CA-9AA3-EEDE2522C7E6}.Debug|Any CPU.ActiveCfg = Debug|Any CPU
		{60F96319-03F0-43CA-9AA3-EEDE2522C7E6}.Debug|Any CPU.Build.0 = Debug|Any CPU
		{60F96319-03F0-43CA-9AA3-EEDE2522C7E6}.Release|Any CPU.ActiveCfg = Release|Any CPU
		{60F96319-03F0-43CA-9AA3-EEDE2522C7E6}.Release|Any CPU.Build.0 = Release|Any CPU
		{9EBB30F3-3F49-4251-B038-97DEE849C8A5}.Debug|Any CPU.ActiveCfg = Debug|Any CPU
		{9EBB30F3-3F49-4251-B038-97DEE849C8A5}.Debug|Any CPU.Build.0 = Debug|Any CPU
		{9EBB30F3-3F49-4251-B038-97DEE849C8A5}.Release|Any CPU.ActiveCfg = Release|Any CPU
		{9EBB30F3-3F49-4251-B038-97DEE849C8A5}.Release|Any CPU.Build.0 = Release|Any CPU
		{111D4635-1EA5-42DA-9D89-04A96E54B2FB}.Debug|Any CPU.ActiveCfg = Debug|Any CPU
		{111D4635-1EA5-42DA-9D89-04A96E54B2FB}.Debug|Any CPU.Build.0 = Debug|Any CPU
		{111D4635-1EA5-42DA-9D89-04A96E54B2FB}.Release|Any CPU.ActiveCfg = Release|Any CPU
		{111D4635-1EA5-42DA-9D89-04A96E54B2FB}.Release|Any CPU.Build.0 = Release|Any CPU
		{CFA107F4-768C-448D-89AC-517128AA3571}.Debug|Any CPU.ActiveCfg = Debug|Any CPU
		{CFA107F4-768C-448D-89AC-517128AA3571}.Debug|Any CPU.Build.0 = Debug|Any CPU
		{CFA107F4-768C-448D-89AC-517128AA3571}.Release|Any CPU.ActiveCfg = Release|Any CPU
		{CFA107F4-768C-448D-89AC-517128AA3571}.Release|Any CPU.Build.0 = Release|Any CPU
	EndGlobalSection
	GlobalSection(SolutionProperties) = preSolution
		HideSolutionNode = FALSE
	EndGlobalSection
	GlobalSection(ExtensibilityGlobals) = postSolution
		SolutionGuid = {98DE600F-2916-4472-9175-54685099FEA0}
	EndGlobalSection
EndGlobal
